
Microsoft Visual Studio Solution File, Format Version 12.00
# Visual Studio Version 16
VisualStudioVersion = 16.0.31729.503
MinimumVisualStudioVersion = 10.0.40219.1
Project("{FAE04EC0-301F-11D3-BF4B-00C04F79EFBC}") = "CatchAnimal", "CatchAnimal.csproj", "{27E01DC9-8C5A-4C7D-B853-1D024FD1FD7B}"
EndProject
Global
	GlobalSection(SolutionConfigurationPlatforms) = preSolution
		Debug|Any CPU = Debug|Any CPU
		Release|Any CPU = Release|Any CPU
	EndGlobalSection
	GlobalSection(ProjectConfigurationPlatforms) = postSolution
		{27E01DC9-8C5A-4C7D-B853-1D024FD1FD7B}.Debug|Any CPU.ActiveCfg = Debug|Any CPU
		{27E01DC9-8C5A-4C7D-B853-1D024FD1FD7B}.Debug|Any CPU.Build.0 = Debug|Any CPU
		{27E01DC9-8C5A-4C7D-B853-1D024FD1FD7B}.Release|Any CPU.ActiveCfg = Release|Any CPU
		{27E01DC9-8C5A-4C7D-B853-1D024FD1FD7B}.Release|Any CPU.Build.0 = Release|Any CPU
	EndGlobalSection
	GlobalSection(SolutionProperties) = preSolution
		HideSolutionNode = FALSE
	EndGlobalSection
	GlobalSection(ExtensibilityGlobals) = postSolution
		SolutionGuid = {0874E2C6-7D98-41CC-8013-1066197CB79E}
	EndGlobalSection
EndGlobal
