
Microsoft Visual Studio Solution File, Format Version 12.00
# Visual Studio Version 16
VisualStudioVersion = 16.0.31729.503
MinimumVisualStudioVersion = 10.0.40219.1
Project("{FAE04EC0-301F-11D3-BF4B-00C04F79EFBC}") = "decrypt", "decrypt.csproj", "{2A0CE501-0252-4EFF-B5D0-97D1FE9E7061}"
EndProject
Global
	GlobalSection(SolutionConfigurationPlatforms) = preSolution
		Debug|Any CPU = Debug|Any CPU
		Release|Any CPU = Release|Any CPU
	EndGlobalSection
	GlobalSection(ProjectConfigurationPlatforms) = postSolution
		{2A0CE501-0252-4EFF-B5D0-97D1FE9E7061}.Debug|Any CPU.ActiveCfg = Debug|Any CPU
		{2A0CE501-0252-4EFF-B5D0-97D1FE9E7061}.Debug|Any CPU.Build.0 = Debug|Any CPU
		{2A0CE501-0252-4EFF-B5D0-97D1FE9E7061}.Release|Any CPU.ActiveCfg = Release|Any CPU
		{2A0CE501-0252-4EFF-B5D0-97D1FE9E7061}.Release|Any CPU.Build.0 = Release|Any CPU
	EndGlobalSection
	GlobalSection(SolutionProperties) = preSolution
		HideSolutionNode = FALSE
	EndGlobalSection
	GlobalSection(ExtensibilityGlobals) = postSolution
		SolutionGuid = {6C442464-DA0B-4BCE-B064-F285038932B5}
	EndGlobalSection
EndGlobal
